// !$*UTF8*$!
{
	archiveVersion = 1;
	classes = {
	};
	objectVersion = 46;
	objects = {

/* Begin PBXBuildFile section */
		1159190C1E3F08C900EFBB5D /* AppDelegate.swift in Sources */ = {isa = PBXBuildFile; fileRef = 1159190B1E3F08C900EFBB5D /* AppDelegate.swift */; };
		1159190E1E3F08C900EFBB5D /* ViewController.swift in Sources */ = {isa = PBXBuildFile; fileRef = 1159190D1E3F08C900EFBB5D /* ViewController.swift */; };
		115919111E3F08C900EFBB5D /* Main.storyboard in Resources */ = {isa = PBXBuildFile; fileRef = 1159190F1E3F08C900EFBB5D /* Main.storyboard */; };
		115919131E3F08C900EFBB5D /* Assets.xcassets in Resources */ = {isa = PBXBuildFile; fileRef = 115919121E3F08C900EFBB5D /* Assets.xcassets */; };
		115919161E3F08C900EFBB5D /* LaunchScreen.storyboard in Resources */ = {isa = PBXBuildFile; fileRef = 115919141E3F08C900EFBB5D /* LaunchScreen.storyboard */; };
/* End PBXBuildFile section */

/* Begin PBXFileReference section */
		115919081E3F08C900EFBB5D /* Git_Test.app */ = {isa = PBXFileReference; explicitFileType = wrapper.application; includeInIndex = 0; path = Git_Test.app; sourceTree = BUILT_PRODUCTS_DIR; };
		1159190B1E3F08C900EFBB5D /* AppDelegate.swift */ = {isa = PBXFileReference; lastKnownFileType = sourcecode.swift; path = AppDelegate.swift; sourceTree = "<group>"; };
		1159190D1E3F08C900EFBB5D /* ViewController.swift */ = {isa = PBXFileReference; lastKnownFileType = sourcecode.swift; path = ViewController.swift; sourceTree = "<group>"; };
		115919101E3F08C900EFBB5D /* Base */ = {isa = PBXFileReference; lastKnownFileType = file.storyboard; name = Base; path = Base.lproj/Main.storyboard; sourceTree = "<group>"; };
		115919121E3F08C900EFBB5D /* Assets.xcassets */ = {isa = PBXFileReference; lastKnownFileType = folder.assetcatalog; path = Assets.xcassets; sourceTree = "<group>"; };
		115919151E3F08C900EFBB5D /* Base */ = {isa = PBXFileReference; lastKnownFileType = file.storyboard; name = Base; path = Base.lproj/LaunchScreen.storyboard; sourceTree = "<group>"; };
		115919171E3F08C900EFBB5D /* Info.plist */ = {isa = PBXFileReference; lastKnownFileType = text.plist.xml; path = Info.plist; sourceTree = "<group>"; };
/* End PBXFileReference section */

/* Begin PBXFrameworksBuildPhase section */
		115919051E3F08C800EFBB5D /* Frameworks */ = {
			isa = PBXFrameworksBuildPhase;
			buildActionMask = 2147483647;
			files = (
			);
			runOnlyForDeploymentPostprocessing = 0;
		};
/* End PBXFrameworksBuildPhase section */

/* Begin PBXGroup section */
		115918FF1E3F08C800EFBB5D = {
			isa = PBXGroup;
			children = (
				1159190A1E3F08C900EFBB5D /* Git_Test */,
				115919091E3F08C900EFBB5D /* Products */,
			);
			sourceTree = "<group>";
		};
		115919091E3F08C900EFBB5D /* Products */ = {
			isa = PBXGroup;
			children = (
				115919081E3F08C900EFBB5D /* Git_Test.app */,
			);
			name = Products;
			sourceTree = "<group>";
		};
		1159190A1E3F08C900EFBB5D /* Git_Test */ = {
			isa = PBXGroup;
			children = (
				1159190B1E3F08C900EFBB5D /* AppDelegate.swift */,
				1159190D1E3F08C900EFBB5D /* ViewController.swift */,
				1159190F1E3F08C900EFBB5D /* Main.storyboard */,
				115919121E3F08C900EFBB5D /* Assets.xcassets */,
				115919141E3F08C900EFBB5D /* LaunchScreen.storyboard */,
				115919171E3F08C900EFBB5D /* Info.plist */,
			);
			path = Git_Test;
			sourceTree = "<group>";
		};
/* End PBXGroup section */

/* Begin PBXNativeTarget section */
		115919071E3F08C800EFBB5D /* Git_Test */ = {
			isa = PBXNativeTarget;
			buildConfigurationList = 1159191A1E3F08C900EFBB5D /* Build configuration list for PBXNativeTarget "Git_Test" */;
			buildPhases = (
				115919041E3F08C800EFBB5D /* Sources */,
				115919051E3F08C800EFBB5D /* Frameworks */,
				115919061E3F08C800EFBB5D /* Resources */,
			);
			buildRules = (
			);
			dependencies = (
			);
			name = Git_Test;
			productName = Git_Test;
			productReference = 115919081E3F08C900EFBB5D /* Git_Test.app */;
			productType = "com.apple.product-type.application";
		};
/* End PBXNativeTarget section */

/* Begin PBXProject section */
		115919001E3F08C800EFBB5D /* Project object */ = {
			isa = PBXProject;
			attributes = {
				LastSwiftUpdateCheck = 0810;
				LastUpgradeCheck = 0810;
				ORGANIZATIONNAME = sismac009;
				TargetAttributes = {
					115919071E3F08C800EFBB5D = {
						CreatedOnToolsVersion = 8.1;
						ProvisioningStyle = Automatic;
					};
				};
			};
			buildConfigurationList = 115919031E3F08C800EFBB5D /* Build configuration list for PBXProject "Git_Test" */;
			compatibilityVersion = "Xcode 3.2";
			developmentRegion = English;
			hasScannedForEncodings = 0;
			knownRegions = (
				en,
				Base,
			);
			mainGroup = 115918FF1E3F08C800EFBB5D;
			productRefGroup = 115919091E3F08C900EFBB5D /* Products */;
			projectDirPath = "";
			projectRoot = "";
			targets = (
				115919071E3F08C800EFBB5D /* Git_Test */,
			);
		};
/* End PBXProject section */

/* Begin PBXResourcesBuildPhase section */
		115919061E3F08C800EFBB5D /* Resources */ = {
			isa = PBXResourcesBuildPhase;
			buildActionMask = 2147483647;
			files = (
				115919161E3F08C900EFBB5D /* LaunchScreen.storyboard in Resources */,
				115919131E3F08C900EFBB5D /* Assets.xcassets in Resources */,
				115919111E3F08C900EFBB5D /* Main.storyboard in Resources */,
			);
			runOnlyForDeploymentPostprocessing = 0;
		};
/* End PBXResourcesBuildPhase section */

/* Begin PBXSourcesBuildPhase section */
		115919041E3F08C800EFBB5D /* Sources */ = {
			isa = PBXSourcesBuildPhase;
			buildActionMask = 2147483647;
			files = (
				1159190E1E3F08C900EFBB5D /* ViewController.swift in Sources */,
				1159190C1E3F08C900EFBB5D /* AppDelegate.swift in Sources */,
			);
			runOnlyForDeploymentPostprocessing = 0;
		};
/* End PBXSourcesBuildPhase section */

/* Begin PBXVariantGroup section */
		1159190F1E3F08C900EFBB5D /* Main.storyboard */ = {
			isa = PBXVariantGroup;
			children = (
				115919101E3F08C900EFBB5D /* Base */,
			);
			name = Main.storyboard;
			sourceTree = "<group>";
		};
		115919141E3F08C900EFBB5D /* LaunchScreen.storyboard */ = {
			isa = PBXVariantGroup;
			children = (
				115919151E3F08C900EFBB5D /* Base */,
			);
			name = LaunchScreen.storyboard;
			sourceTree = "<group>";
		};
/* End PBXVariantGroup section */

/* Begin XCBuildConfiguration section */
		115919181E3F08C900EFBB5D /* Debug */ = {
			isa = XCBuildConfiguration;
			buildSettings = {
				ALWAYS_SEARCH_USER_PATHS = NO;
				CLANG_ANALYZER_NONNULL = YES;
				CLANG_CXX_LANGUAGE_STANDARD = "gnu++0x";
				CLANG_CXX_LIBRARY = "libc++";
				CLANG_ENABLE_MODULES = YES;
				CLANG_ENABLE_OBJC_ARC = YES;
				CLANG_WARN_BOOL_CONVERSION = YES;
				CLANG_WARN_CONSTANT_CONVERSION = YES;
				CLANG_WARN_DIRECT_OBJC_ISA_USAGE = YES_ERROR;
				CLANG_WARN_DOCUMENTATION_COMMENTS = YES;
				CLANG_WARN_EMPTY_BODY = YES;
				CLANG_WARN_ENUM_CONVERSION = YES;
				CLANG_WARN_INFINITE_RECURSION = YES;
				CLANG_WARN_INT_CONVERSION = YES;
				CLANG_WARN_OBJC_ROOT_CLASS = YES_ERROR;
				CLANG_WARN_SUSPICIOUS_MOVES = YES;
				CLANG_WARN_UNREACHABLE_CODE = YES;
				CLANG_WARN__DUPLICATE_METHOD_MATCH = YES;
				"CODE_SIGN_IDENTITY[sdk=iphoneos*]" = "iPhone Developer";
				COPY_PHASE_STRIP = NO;
				DEBUG_INFORMATION_FORMAT = dwarf;
				ENABLE_STRICT_OBJC_MSGSEND = YES;
				ENABLE_TESTABILITY = YES;
				GCC_C_LANGUAGE_STANDARD = gnu99;
				GCC_DYNAMIC_NO_PIC = NO;
				GCC_NO_COMMON_BLOCKS = YES;
				GCC_OPTIMIZATION_LEVEL = 0;
				GCC_PREPROCESSOR_DEFINITIONS = (
					"DEBUG=1",
					"$(inherited)",
				);
				GCC_WARN_64_TO_32_BIT_CONVERSION = YES;
				GCC_WARN_ABOUT_RETURN_TYPE = YES_ERROR;
				GCC_WARN_UNDECLARED_SELECTOR = YES;
				GCC_WARN_UNINITIALIZED_AUTOS = YES_AGGRESSIVE;
				GCC_WARN_UNUSED_FUNCTION = YES;
				GCC_WARN_UNUSED_VARIABLE = YES;
				IPHONEOS_DEPLOYMENT_TARGET = 10.1;
				MTL_ENABLE_DEBUG_INFO = YES;
				ONLY_ACTIVE_ARCH = YES;
				SDKROOT = iphoneos;
				SWIFT_ACTIVE_COMPILATION_CONDITIONS = DEBUG;
				SWIFT_OPTIMIZATION_LEVEL = "-Onone";
				TARGETED_DEVICE_FAMILY = "1,2";
			};
			name = Debug;
		};
		115919191E3F08C900EFBB5D /* Release */ = {
			isa = XCBuildConfiguration;
			buildSettings = {
				ALWAYS_SEARCH_USER_PATHS = NO;
				CLANG_ANALYZER_NONNULL = YES;
				CLANG_CXX_LANGUAGE_STANDARD = "gnu++0x";
				CLANG_CXX_LIBRARY = "libc++";
				CLANG_ENABLE_MODULES = YES;
				CLANG_ENABLE_OBJC_ARC = YES;
				CLANG_WARN_BOOL_CONVERSION = YES;
				CLANG_WARN_CONSTANT_CONVERSION = YES;
				CLANG_WARN_DIRECT_OBJC_ISA_USAGE = YES_ERROR;
				CLANG_WARN_DOCUMENTATION_COMMENTS = YES;
				CLANG_WARN_EMPTY_BODY = YES;
				CLANG_WARN_ENUM_CONVERSION = YES;
				CLANG_WARN_INFINITE_RECURSION = YES;
				CLANG_WARN_INT_CONVERSION = YES;
				CLANG_WARN_OBJC_ROOT_CLASS = YES_ERROR;
				CLANG_WARN_SUSPICIOUS_MOVES = YES;
				CLANG_WARN_UNREACHABLE_CODE = YES;
				CLANG_WARN__DUPLICATE_METHOD_MATCH = YES;
				"CODE_SIGN_IDENTITY[sdk=iphoneos*]" = "iPhone Developer";
				COPY_PHASE_STRIP = NO;
				DEBUG_INFORMATION_FORMAT = "dwarf-with-dsym";
				ENABLE_NS_ASSERTIONS = NO;
				ENABLE_STRICT_OBJC_MSGSEND = YES;
				GCC_C_LANGUAGE_STANDARD = gnu99;
				GCC_NO_COMMON_BLOCKS = YES;
				GCC_WARN_64_TO_32_BIT_CONVERSION = YES;
				GCC_WARN_ABOUT_RETURN_TYPE = YES_ERROR;
				GCC_WARN_UNDECLARED_SELECTOR = YES;
				GCC_WARN_UNINITIALIZED_AUTOS = YES_AGGRESSIVE;
				GCC_WARN_UNUSED_FUNCTION = YES;
				GCC_WARN_UNUSED_VARIABLE = YES;
				IPHONEOS_DEPLOYMENT_TARGET = 10.1;
				MTL_ENABLE_DEBUG_INFO = NO;
				SDKROOT = iphoneos;
				SWIFT_OPTIMIZATION_LEVEL = "-Owholemodule";
				TARGETED_DEVICE_FAMILY = "1,2";
				VALIDATE_PRODUCT = YES;
			};
			name = Release;
		};
		1159191B1E3F08C900EFBB5D /* Debug */ = {
			isa = XCBuildConfiguration;
			buildSettings = {
				ASSETCATALOG_COMPILER_APPICON_NAME = AppIcon;
				INFOPLIST_FILE = Git_Test/Info.plist;
				LD_RUNPATH_SEARCH_PATHS = "$(inherited) @executable_path/Frameworks";
				PRODUCT_BUNDLE_IDENTIFIER = "com.sparx.Git-Test";
				PRODUCT_NAME = "$(TARGET_NAME)";
				SWIFT_VERSION = 3.0;
			};
			name = Debug;
		};
		1159191C1E3F08C900EFBB5D /* Release */ = {
			isa = XCBuildConfiguration;
			buildSettings = {
				ASSETCATALOG_COMPILER_APPICON_NAME = AppIcon;
				INFOPLIST_FILE = Git_Test/Info.plist;
				LD_RUNPATH_SEARCH_PATHS = "$(inherited) @executable_path/Frameworks";
				PRODUCT_BUNDLE_IDENTIFIER = "com.sparx.Git-Test";
				PRODUCT_NAME = "$(TARGET_NAME)";
				SWIFT_VERSION = 3.0;
			};
			name = Release;
		};
/* End XCBuildConfiguration section */

/* Begin XCConfigurationList section */
		115919031E3F08C800EFBB5D /* Build configuration list for PBXProject "Git_Test" */ = {
			isa = XCConfigurationList;
			buildConfigurations = (
				115919181E3F08C900EFBB5D /* Debug */,
				115919191E3F08C900EFBB5D /* Release */,
			);
			defaultConfigurationIsVisible = 0;
			defaultConfigurationName = Release;
		};
		1159191A1E3F08C900EFBB5D /* Build configuration list for PBXNativeTarget "Git_Test" */ = {
			isa = XCConfigurationList;
			buildConfigurations = (
				1159191B1E3F08C900EFBB5D /* Debug */,
				1159191C1E3F08C900EFBB5D /* Release */,
			);
			defaultConfigurationIsVisible = 0;
		};
/* End XCConfigurationList section */
	};
	rootObject = 115919001E3F08C800EFBB5D /* Project object */;
}
